<?xml version="1.0" encoding="utf-8"?>
<Project ToolsVersion="4.0" xmlns="http://schemas.microsoft.com/developer/msbuild/2003">
  <ItemGroup>
    <ClCompile Include="Class\Scene\Sample.cpp" />
    <ClCompile Include="Game\Objects\Enemy\ArrowEnemy\ArrowEnemy.cpp" />
    <ClCompile Include="Game\Objects\Enemy\ArrowEnemy\Arrow\Arrow.cpp" />
    <ClCompile Include="Game\Objects\Enemy\NormalEnemy\NormalEnemy.cpp" />
    <ClCompile Include="Game\Objects\Enemy\EnemyManager.cpp" />
    <ClCompile Include="Game\Objects\Enemy\ShieldEnemy\ShieldEnemy.cpp" />
    <ClCompile Include="Game\Objects\FollowCamera\FollowCamera.cpp" />
    <ClCompile Include="Game\Scenes\TitleScene.cpp" />
    <ClCompile Include="Game\Objects\Player\Commands\PlayerCommand.cpp" />
    <ClCompile Include="main.cpp" />
    <ClCompile Include="Game\Objects\Player\Player.cpp" />
    <ClCompile Include="Game\Objects\Player\Commands\PlayerInput.cpp" />
    <ClCompile Include="Game\Objects\Player\Weapon\Weapon.cpp" />
    <ClCompile Include="Class\Scene\Sample.cpp" />
    <ClCompile Include="Game\Objects\Enemy\ArrowEnemy\ArrowEnemy.cpp" />
    <ClCompile Include="Game\Objects\Enemy\ArrowEnemy\Arrow\Arrow.cpp" />
    <ClCompile Include="Game\Objects\Enemy\NormalEnemy\NormalEnemy.cpp" />
    <ClCompile Include="Game\Objects\Enemy\EnemyManager.cpp" />
    <ClCompile Include="Game\Objects\Enemy\ShieldEnemy\ShieldEnemy.cpp" />
    <ClCompile Include="Game\Objects\FollowCamera\FollowCamera.cpp" />
    <ClCompile Include="Game\Scenes\TitleScene.cpp" />
    <ClCompile Include="Game\Objects\Player\Commands\PlayerCommand.cpp" />
    <ClCompile Include="main.cpp" />
    <ClCompile Include="Game\Objects\Player\Player.cpp" />
    <ClCompile Include="Game\Objects\Player\Commands\PlayerInput.cpp" />
    <ClCompile Include="Game\Objects\Player\Weapon\Weapon.cpp" />
    <ClCompile Include="Game\Objects\UIPanel\UIPanel.cpp" />
    <ClCompile Include="Game\Objects\Player\SlashPanel.cpp" />
    <ClCompile Include="Game\Objects\Enemy\IEnemy\IEnemy.cpp" />
    <ClCompile Include="Game\Objects\Experience\Experience.cpp" />
    <ClCompile Include="Game\Objects\Experience\ExpManager.cpp" />
    <ClCompile Include="Game\Objects\Level\Level.cpp" />
  </ItemGroup>
  <ItemGroup>
    <ClInclude Include="Class\Scene\Sample.h" />
    <ClInclude Include="Game\Objects\Enemy\ArrowEnemy\ArrowEnemy.h" />
    <ClInclude Include="Game\Objects\Enemy\ArrowEnemy\Arrow\Arrow.h" />
    <ClInclude Include="Game\Objects\Enemy\NormalEnemy\NormalEnemy.h" />
    <ClInclude Include="Game\Objects\Enemy\IEnemy\IEnemy.h" />
    <ClInclude Include="Game\Objects\Enemy\EnemyManager.h" />
    <ClInclude Include="Game\Objects\Enemy\ShieldEnemy\ShieldEnemy.h" />
    <ClInclude Include="Game\Objects\FollowCamera\FollowCamera.h" />
    <ClInclude Include="Game\Scenes\TitleScene.h" />
    <ClInclude Include="Game\Objects\Player\Player.h" />
    <ClInclude Include="Game\Objects\Player\Commands\PlayerCommand.h" />
    <ClInclude Include="Game\Objects\Player\Commands\PlayerInput.h" />
    <ClInclude Include="Game\Objects\Player\Weapon\Weapon.h" />
    <ClInclude Include="Class\Scene\Sample.h" />
    <ClInclude Include="Game\Objects\Enemy\ArrowEnemy\ArrowEnemy.h" />
    <ClInclude Include="Game\Objects\Enemy\ArrowEnemy\Arrow\Arrow.h" />
    <ClInclude Include="Game\Objects\Enemy\NormalEnemy\NormalEnemy.h" />
    <ClInclude Include="Game\Objects\Enemy\IEnemy\IEnemy.h" />
    <ClInclude Include="Game\Objects\Enemy\EnemyManager.h" />
    <ClInclude Include="Game\Objects\Enemy\ShieldEnemy\ShieldEnemy.h" />
    <ClInclude Include="Game\Objects\FollowCamera\FollowCamera.h" />
    <ClInclude Include="Game\Scenes\TitleScene.h" />
    <ClInclude Include="Game\Objects\Player\Player.h" />
    <ClInclude Include="Game\Objects\Player\Commands\PlayerCommand.h" />
    <ClInclude Include="Game\Objects\Player\Commands\PlayerInput.h" />
    <ClInclude Include="Game\Objects\Player\Weapon\Weapon.h" />
    <ClInclude Include="Game\Objects\UIPanel\UIPanel.h" />
    <ClInclude Include="Game\Objects\Player\SlashPanel.h" />
    <ClInclude Include="Game\Objects\Experience\Experience.h" />
    <ClInclude Include="Game\Objects\Experience\ExpManager.h" />
    <ClInclude Include="Game\Objects\Level\Level.h" />
  </ItemGroup>
</Project>